<?xml version="1.0" encoding="utf-8"?>
<Project ToolsVersion="4.0" xmlns="http://schemas.microsoft.com/developer/msbuild/2003">
  <ItemGroup>
    <Filter Include="Map">
      <UniqueIdentifier>{93995380-89BD-4b04-88EB-625FBE52EBFB}</UniqueIdentifier>
      <Extensions>h;hh;hpp;hxx;h++;hm;inl;inc;ipp;xsd</Extensions>
    </Filter>
    <Filter Include="MainGameModule">
      <UniqueIdentifier>{67DA6AB6-F800-4c08-8B7A-83BB121AAD01}</UniqueIdentifier>
      <Extensions>rc;ico;cur;bmp;dlg;rc2;rct;bin;rgs;gif;jpg;jpeg;jpe;resx;tiff;tif;png;wav;mfcribbon-ms</Extensions>
    </Filter>
    <Filter Include="Character">
      <UniqueIdentifier>{4FC737F1-C7A5-4376-A066-2A32D752A2FF}</UniqueIdentifier>
      <Extensions>cpp;c;cc;cxx;c++;cppm;ixx;def;odl;idl;hpj;bat;asm;asmx</Extensions>
    </Filter>
    <Filter Include="Interface">
      <UniqueIdentifier>{020536a7-6f00-4100-9302-c02e459775e9}</UniqueIdentifier>
    </Filter>
    <Filter Include="Actions">
      <UniqueIdentifier>{f9cc1226-9623-4eec-a0ef-0bce8170308d}</UniqueIdentifier>
    </Filter>
    <Filter Include="Shop">
      <UniqueIdentifier>{d3f350c2-635b-474e-81fd-9c4a13f5bfb9}</UniqueIdentifier>
    </Filter>
    <Filter Include="Item">
      <UniqueIdentifier>{cbb7ed34-8679-4dec-9821-9640441ceadc}</UniqueIdentifier>
    </Filter>
  </ItemGroup>
  <ItemGroup>
    <ClCompile Include="Interface.cpp">
      <Filter>Interface</Filter>
    </ClCompile>
    <ClCompile Include="Game.cpp">
      <Filter>MainGameModule</Filter>
    </ClCompile>
    <ClCompile Include="ActionsList.cpp">
      <Filter>Actions</Filter>
    </ClCompile>
    <ClCompile Include="Shop.cpp">
      <Filter>Shop</Filter>
    </ClCompile>
    <ClCompile Include="Item.cpp">
      <Filter>Item</Filter>
    </ClCompile>
    <ClCompile Include="Main.cpp">
      <Filter>MainGameModule</Filter>
    </ClCompile>
    <ClCompile Include="Character.cpp">
      <Filter>Character</Filter>
    </ClCompile>
    <ClCompile Include="Inventory.cpp">
      <Filter>Character</Filter>
    </ClCompile>
    <ClCompile Include="Map.cpp">
      <Filter>Map</Filter>
    </ClCompile>
    <ClCompile Include="Room.cpp">
      <Filter>Map</Filter>
    </ClCompile>
    <ClCompile Include="Hero.cpp">
      <Filter>Character</Filter>
    </ClCompile>
    <ClCompile Include="Enemy.cpp">
      <Filter>Character</Filter>
    </ClCompile>
    <ClCompile Include="Weapon.cpp">
      <Filter>Item</Filter>
    </ClCompile>
    <ClCompile Include="Armor.cpp">
      <Filter>Item</Filter>
    </ClCompile>
    <ClCompile Include="EnemyManager.cpp">
      <Filter>Character</Filter>
    </ClCompile>
    <ClCompile Include="ItemManager.cpp">
      <Filter>Item</Filter>
    </ClCompile>
  </ItemGroup>
  <ItemGroup>
    <ClInclude Include="Interface.h">
      <Filter>Interface</Filter>
    </ClInclude>
    <ClInclude Include="Game.h">
      <Filter>MainGameModule</Filter>
    </ClInclude>
    <ClInclude Include="ActionsList.h">
      <Filter>Actions</Filter>
    </ClInclude>
    <ClInclude Include="Shop.h">
      <Filter>Shop</Filter>
    </ClInclude>
    <ClInclude Include="Item.h">
      <Filter>Item</Filter>
    </ClInclude>
    <ClInclude Include="Character.h">
      <Filter>Character</Filter>
    </ClInclude>
    <ClInclude Include="Inventory.h">
      <Filter>Character</Filter>
    </ClInclude>
    <ClInclude Include="Map.h">
      <Filter>Map</Filter>
    </ClInclude>
    <ClInclude Include="Room.h">
      <Filter>Map</Filter>
    </ClInclude>
    <ClInclude Include="Hero.h">
      <Filter>Character</Filter>
    </ClInclude>
    <ClInclude Include="Enemy.h">
      <Filter>Character</Filter>
    </ClInclude>
    <ClInclude Include="Weapon.h">
      <Filter>Item</Filter>
    </ClInclude>
    <ClInclude Include="Armor.h">
      <Filter>Item</Filter>
    </ClInclude>
    <ClInclude Include="EnemyManager.h">
      <Filter>Character</Filter>
    </ClInclude>
    <ClInclude Include="ItemManager.h">
      <Filter>Item</Filter>
    </ClInclude>
    <ClInclude Include="DefaultConsts.h">
      <Filter>MainGameModule</Filter>
    </ClInclude>
    <ClInclude Include="Actions.h">
      <Filter>Actions</Filter>
    </ClInclude>
  </ItemGroup>
  <ItemGroup>
    <None Include="ItemsList.json">
      <Filter>Item</Filter>
    </None>
  </ItemGroup>
</Project>